
Microsoft Visual Studio Solution File, Format Version 12.00
# Visual Studio Version 16
VisualStudioVersion = 16.0.31005.135
MinimumVisualStudioVersion = 10.0.40219.1
Project("{FAE04EC0-301F-11D3-BF4B-00C04F79EFBC}") = "SecretWordGameClient", "SecretWordGameClient.csproj", "{DA31F209-0F3E-483E-9B20-FBB3306AFBCB}"
EndProject
Global
	GlobalSection(SolutionConfigurationPlatforms) = preSolution
		Debug|Any CPU = Debug|Any CPU
		Release|Any CPU = Release|Any CPU
	EndGlobalSection
	GlobalSection(ProjectConfigurationPlatforms) = postSolution
		{DA31F209-0F3E-483E-9B20-FBB3306AFBCB}.Debug|Any CPU.ActiveCfg = Debug|Any CPU
		{DA31F209-0F3E-483E-9B20-FBB3306AFBCB}.Debug|Any CPU.Build.0 = Debug|Any CPU
		{DA31F209-0F3E-483E-9B20-FBB3306AFBCB}.Release|Any CPU.ActiveCfg = Release|Any CPU
		{DA31F209-0F3E-483E-9B20-FBB3306AFBCB}.Release|Any CPU.Build.0 = Release|Any CPU
	EndGlobalSection
	GlobalSection(SolutionProperties) = preSolution
		HideSolutionNode = FALSE
	EndGlobalSection
	GlobalSection(ExtensibilityGlobals) = postSolution
		SolutionGuid = {9BDBB92D-715C-4924-BB2E-2F29B0C0660D}
	EndGlobalSection
EndGlobal
