
Microsoft Visual Studio Solution File, Format Version 12.00
# Visual Studio Version 16
VisualStudioVersion = 16.0.31005.135
MinimumVisualStudioVersion = 10.0.40219.1
Project("{FAE04EC0-301F-11D3-BF4B-00C04F79EFBC}") = "SecretWordGame", ".\SecretWordGame\SecretWordGame.csproj", "{42545F8A-06BC-4FAE-BC21-7FAB18F1C0FD}"
EndProject
Project("{FAE04EC0-301F-11D3-BF4B-00C04F79EFBC}") = "SecretWordGameClient", ".\SecretWordGameClient\SecretWordGameClient.csproj", "{DA31F209-0F3E-483E-9B20-FBB3306AFBCB}"
EndProject
Project("{FAE04EC0-301F-11D3-BF4B-00C04F79EFBC}") = "Business", ".\Business\Business.csproj", "{296B6AF1-EE20-4D78-941B-D5260CCF0B62}"
EndProject
Global
	GlobalSection(SolutionConfigurationPlatforms) = preSolution
		Debug|Any CPU = Debug|Any CPU
		Release|Any CPU = Release|Any CPU
	EndGlobalSection
	GlobalSection(ProjectConfigurationPlatforms) = postSolution
		{42545F8A-06BC-4FAE-BC21-7FAB18F1C0FD}.Debug|Any CPU.ActiveCfg = Debug|Any CPU
		{42545F8A-06BC-4FAE-BC21-7FAB18F1C0FD}.Debug|Any CPU.Build.0 = Debug|Any CPU
		{42545F8A-06BC-4FAE-BC21-7FAB18F1C0FD}.Release|Any CPU.ActiveCfg = Release|Any CPU
		{42545F8A-06BC-4FAE-BC21-7FAB18F1C0FD}.Release|Any CPU.Build.0 = Release|Any CPU
		{DA31F209-0F3E-483E-9B20-FBB3306AFBCB}.Debug|Any CPU.ActiveCfg = Debug|Any CPU
		{DA31F209-0F3E-483E-9B20-FBB3306AFBCB}.Debug|Any CPU.Build.0 = Debug|Any CPU
		{DA31F209-0F3E-483E-9B20-FBB3306AFBCB}.Release|Any CPU.ActiveCfg = Release|Any CPU
		{DA31F209-0F3E-483E-9B20-FBB3306AFBCB}.Release|Any CPU.Build.0 = Release|Any CPU
		{296B6AF1-EE20-4D78-941B-D5260CCF0B62}.Debug|Any CPU.ActiveCfg = Debug|Any CPU
		{296B6AF1-EE20-4D78-941B-D5260CCF0B62}.Debug|Any CPU.Build.0 = Debug|Any CPU
		{296B6AF1-EE20-4D78-941B-D5260CCF0B62}.Release|Any CPU.ActiveCfg = Release|Any CPU
		{296B6AF1-EE20-4D78-941B-D5260CCF0B62}.Release|Any CPU.Build.0 = Release|Any CPU
	EndGlobalSection
	GlobalSection(SolutionProperties) = preSolution
		HideSolutionNode = FALSE
	EndGlobalSection
	GlobalSection(ExtensibilityGlobals) = postSolution
		SolutionGuid = {346C089F-667C-47D7-99EF-44F273EBA845}
	EndGlobalSection
EndGlobal
